# THIS IS AN AUTOGENERATED FILE. DO NOT EDIT THIS FILE DIRECTLY.
# yarn lockfile v1


css-tree@1.0.0-alpha19:
  version "1.0.0-alpha19"
  resolved "https://registry.yarnpkg.com/css-tree/-/css-tree-1.0.0-alpha19.tgz#949aa846c2c15b3979792e8fce05f6b6e3ebcad4"
  dependencies:
    source-map "^0.5.3"

csso@^3.1.1:
  version "3.1.1"
  resolved "https://registry.yarnpkg.com/csso/-/csso-3.1.1.tgz#ab427584486c2e02e180327511b0b02a9179c272"
  dependencies:
    css-tree "1.0.0-alpha19"

gr8@^2.1.7:
  version "2.1.7"
  resolved "https://registry.yarnpkg.com/gr8/-/gr8-2.1.7.tgz#e644593b09f375760d7a139824690ac96673b533"
  dependencies:
    object-squish "^1.1.0"
    string-hash "^1.1.3"

object-squish@^1.1.0:
  version "1.1.0"
  resolved "https://registry.yarnpkg.com/object-squish/-/object-squish-1.1.0.tgz#7ba51832b3fd27334527b6a96636c52702038378"

source-map@^0.5.3:
  version "0.5.6"
  resolved "https://registry.yarnpkg.com/source-map/-/source-map-0.5.6.tgz#75ce38f52bf0733c5a7f0c118d81334a2bb5f412"

string-hash@^1.1.3:
  version "1.1.3"
  resolved "https://registry.yarnpkg.com/string-hash/-/string-hash-1.1.3.tgz#e8aafc0ac1855b4666929ed7dd1275df5d6c811b"
